// !$*UTF8*$!
{
	archiveVersion = 1;
	classes = {
	};
	objectVersion = 46;
	objects = {

/* Begin PBXBuildFile section */
		CC0741571B81269200406A43 /* Rational.swift in Sources */ = {isa = PBXBuildFile; fileRef = CC0741561B81269200406A43 /* Rational.swift */; };
		CC0741591B8127B600406A43 /* Complex.swift in Sources */ = {isa = PBXBuildFile; fileRef = CC0741581B8127B600406A43 /* Complex.swift */; };
		CC07415B1B813A0600406A43 /* RationalTests.swift in Sources */ = {isa = PBXBuildFile; fileRef = CC07415A1B813A0600406A43 /* RationalTests.swift */; };
		CC07415D1B813B0300406A43 /* ComplexTests.swift in Sources */ = {isa = PBXBuildFile; fileRef = CC07415C1B813B0300406A43 /* ComplexTests.swift */; };
		CC99F5531B7AA6E200355E1E /* NumberKit.h in Headers */ = {isa = PBXBuildFile; fileRef = CC99F5521B7AA6E200355E1E /* NumberKit.h */; settings = {ATTRIBUTES = (Public, ); }; };
		CC99F55A1B7AA6E200355E1E /* NumberKit.framework in Frameworks */ = {isa = PBXBuildFile; fileRef = CC99F54F1B7AA6E200355E1E /* NumberKit.framework */; };
		CC99F56A1B7AA76600355E1E /* BigIntTests.swift in Sources */ = {isa = PBXBuildFile; fileRef = CC99F5691B7AA76600355E1E /* BigIntTests.swift */; };
		CC99F56C1B7AA81500355E1E /* BigInt.swift in Sources */ = {isa = PBXBuildFile; fileRef = CC99F56B1B7AA81500355E1E /* BigInt.swift */; };
		CC99F56E1B7AAAA300355E1E /* NumberUtil.swift in Sources */ = {isa = PBXBuildFile; fileRef = CC99F56D1B7AAAA300355E1E /* NumberUtil.swift */; };
		CC99F5701B7AAB5300355E1E /* NumberUtilTests.swift in Sources */ = {isa = PBXBuildFile; fileRef = CC99F56F1B7AAB5300355E1E /* NumberUtilTests.swift */; };
		CCA8E8111F7780C800927A41 /* FloatingPointNumber.swift in Sources */ = {isa = PBXBuildFile; fileRef = CCA8E8101F7780C800927A41 /* FloatingPointNumber.swift */; };
		CCA8E8131F77814F00927A41 /* IntegerNumber.swift in Sources */ = {isa = PBXBuildFile; fileRef = CCA8E8121F77814F00927A41 /* IntegerNumber.swift */; };
/* End PBXBuildFile section */

/* Begin PBXContainerItemProxy section */
		CC99F55B1B7AA6E200355E1E /* PBXContainerItemProxy */ = {
			isa = PBXContainerItemProxy;
			containerPortal = CC99F5461B7AA6E200355E1E /* Project object */;
			proxyType = 1;
			remoteGlobalIDString = CC99F54E1B7AA6E200355E1E;
			remoteInfo = NumberKit;
		};
/* End PBXContainerItemProxy section */

/* Begin PBXFileReference section */
		CC0741561B81269200406A43 /* Rational.swift */ = {isa = PBXFileReference; fileEncoding = 4; lastKnownFileType = sourcecode.swift; path = Rational.swift; sourceTree = "<group>"; };
		CC0741581B8127B600406A43 /* Complex.swift */ = {isa = PBXFileReference; fileEncoding = 4; lastKnownFileType = sourcecode.swift; path = Complex.swift; sourceTree = "<group>"; };
		CC07415A1B813A0600406A43 /* RationalTests.swift */ = {isa = PBXFileReference; fileEncoding = 4; lastKnownFileType = sourcecode.swift; path = RationalTests.swift; sourceTree = "<group>"; };
		CC07415C1B813B0300406A43 /* ComplexTests.swift */ = {isa = PBXFileReference; fileEncoding = 4; lastKnownFileType = sourcecode.swift; path = ComplexTests.swift; sourceTree = "<group>"; };
		CC5E473320C428D500F21B03 /* LinuxMain.swift */ = {isa = PBXFileReference; lastKnownFileType = sourcecode.swift; name = LinuxMain.swift; path = Tests/LinuxMain.swift; sourceTree = SOURCE_ROOT; };
		CC99F54F1B7AA6E200355E1E /* NumberKit.framework */ = {isa = PBXFileReference; explicitFileType = wrapper.framework; includeInIndex = 0; path = NumberKit.framework; sourceTree = BUILT_PRODUCTS_DIR; };
		CC99F5521B7AA6E200355E1E /* NumberKit.h */ = {isa = PBXFileReference; lastKnownFileType = sourcecode.c.h; path = NumberKit.h; sourceTree = "<group>"; };
		CC99F5541B7AA6E200355E1E /* Info.plist */ = {isa = PBXFileReference; lastKnownFileType = text.plist.xml; path = Info.plist; sourceTree = "<group>"; };
		CC99F5591B7AA6E200355E1E /* NumberKitTests.xctest */ = {isa = PBXFileReference; explicitFileType = wrapper.cfbundle; includeInIndex = 0; path = NumberKitTests.xctest; sourceTree = BUILT_PRODUCTS_DIR; };
		CC99F5601B7AA6E200355E1E /* Info.plist */ = {isa = PBXFileReference; lastKnownFileType = text.plist.xml; path = Info.plist; sourceTree = "<group>"; };
		CC99F5691B7AA76600355E1E /* BigIntTests.swift */ = {isa = PBXFileReference; fileEncoding = 4; lastKnownFileType = sourcecode.swift; path = BigIntTests.swift; sourceTree = "<group>"; };
		CC99F56B1B7AA81500355E1E /* BigInt.swift */ = {isa = PBXFileReference; fileEncoding = 4; lastKnownFileType = sourcecode.swift; path = BigInt.swift; sourceTree = "<group>"; };
		CC99F56D1B7AAAA300355E1E /* NumberUtil.swift */ = {isa = PBXFileReference; fileEncoding = 4; lastKnownFileType = sourcecode.swift; path = NumberUtil.swift; sourceTree = "<group>"; };
		CC99F56F1B7AAB5300355E1E /* NumberUtilTests.swift */ = {isa = PBXFileReference; fileEncoding = 4; lastKnownFileType = sourcecode.swift; path = NumberUtilTests.swift; sourceTree = "<group>"; };
		CC99F5711B7AB5E600355E1E /* README.md */ = {isa = PBXFileReference; lastKnownFileType = net.daringfireball.markdown; path = README.md; sourceTree = "<group>"; };
		CC99F5721B7AB66E00355E1E /* LICENSE */ = {isa = PBXFileReference; lastKnownFileType = text; path = LICENSE; sourceTree = "<group>"; };
		CCA8E8101F7780C800927A41 /* FloatingPointNumber.swift */ = {isa = PBXFileReference; lastKnownFileType = sourcecode.swift; path = FloatingPointNumber.swift; sourceTree = "<group>"; };
		CCA8E8121F77814F00927A41 /* IntegerNumber.swift */ = {isa = PBXFileReference; lastKnownFileType = sourcecode.swift; path = IntegerNumber.swift; sourceTree = "<group>"; };
		CCB691501EB7710700B32D55 /* Package.swift */ = {isa = PBXFileReference; lastKnownFileType = sourcecode.swift; path = Package.swift; sourceTree = "<group>"; };
		CCE9DD301B8BB4A600340DD1 /* CHANGELOG.md */ = {isa = PBXFileReference; lastKnownFileType = net.daringfireball.markdown; path = CHANGELOG.md; sourceTree = "<group>"; };
/* End PBXFileReference section */

/* Begin PBXFrameworksBuildPhase section */
		CC99F54B1B7AA6E200355E1E /* Frameworks */ = {
			isa = PBXFrameworksBuildPhase;
			buildActionMask = 2147483647;
			files = (
			);
			runOnlyForDeploymentPostprocessing = 0;
		};
		CC99F5561B7AA6E200355E1E /* Frameworks */ = {
			isa = PBXFrameworksBuildPhase;
			buildActionMask = 2147483647;
			files = (
				CC99F55A1B7AA6E200355E1E /* NumberKit.framework in Frameworks */,
			);
			runOnlyForDeploymentPostprocessing = 0;
		};
/* End PBXFrameworksBuildPhase section */

/* Begin PBXGroup section */
		CC99F5451B7AA6E200355E1E = {
			isa = PBXGroup;
			children = (
				CC99F5711B7AB5E600355E1E /* README.md */,
				CCE9DD301B8BB4A600340DD1 /* CHANGELOG.md */,
				CC99F5721B7AB66E00355E1E /* LICENSE */,
				CCB691501EB7710700B32D55 /* Package.swift */,
				CC99F5511B7AA6E200355E1E /* NumberKit */,
				CC99F55D1B7AA6E200355E1E /* NumberKitTests */,
				CC99F5501B7AA6E200355E1E /* Products */,
			);
			indentWidth = 2;
			sourceTree = "<group>";
			tabWidth = 2;
		};
		CC99F5501B7AA6E200355E1E /* Products */ = {
			isa = PBXGroup;
			children = (
				CC99F54F1B7AA6E200355E1E /* NumberKit.framework */,
				CC99F5591B7AA6E200355E1E /* NumberKitTests.xctest */,
			);
			name = Products;
			sourceTree = "<group>";
		};
		CC99F5511B7AA6E200355E1E /* NumberKit */ = {
			isa = PBXGroup;
			children = (
				CC99F56D1B7AAAA300355E1E /* NumberUtil.swift */,
				CCA8E8121F77814F00927A41 /* IntegerNumber.swift */,
				CCA8E8101F7780C800927A41 /* FloatingPointNumber.swift */,
				CC99F56B1B7AA81500355E1E /* BigInt.swift */,
				CC0741561B81269200406A43 /* Rational.swift */,
				CC0741581B8127B600406A43 /* Complex.swift */,
				CC99F5521B7AA6E200355E1E /* NumberKit.h */,
				CC99F5541B7AA6E200355E1E /* Info.plist */,
			);
			indentWidth = 2;
			name = NumberKit;
			path = Sources/NumberKit;
			sourceTree = "<group>";
			tabWidth = 2;
		};
		CC99F55D1B7AA6E200355E1E /* NumberKitTests */ = {
			isa = PBXGroup;
			children = (
				CC99F56F1B7AAB5300355E1E /* NumberUtilTests.swift */,
				CC99F5691B7AA76600355E1E /* BigIntTests.swift */,
				CC07415A1B813A0600406A43 /* RationalTests.swift */,
				CC07415C1B813B0300406A43 /* ComplexTests.swift */,
				CC5E473320C428D500F21B03 /* LinuxMain.swift */,
				CC99F5601B7AA6E200355E1E /* Info.plist */,
			);
			indentWidth = 2;
			name = NumberKitTests;
			path = Tests/NumberKitTests;
			sourceTree = "<group>";
			tabWidth = 2;
		};
/* End PBXGroup section */

/* Begin PBXHeadersBuildPhase section */
		CC99F54C1B7AA6E200355E1E /* Headers */ = {
			isa = PBXHeadersBuildPhase;
			buildActionMask = 2147483647;
			files = (
				CC99F5531B7AA6E200355E1E /* NumberKit.h in Headers */,
			);
			runOnlyForDeploymentPostprocessing = 0;
		};
/* End PBXHeadersBuildPhase section */

/* Begin PBXNativeTarget section */
		CC99F54E1B7AA6E200355E1E /* NumberKit */ = {
			isa = PBXNativeTarget;
			buildConfigurationList = CC99F5631B7AA6E200355E1E /* Build configuration list for PBXNativeTarget "NumberKit" */;
			buildPhases = (
				CC99F54A1B7AA6E200355E1E /* Sources */,
				CC99F54B1B7AA6E200355E1E /* Frameworks */,
				CC99F54C1B7AA6E200355E1E /* Headers */,
				CC99F54D1B7AA6E200355E1E /* Resources */,
			);
			buildRules = (
			);
			dependencies = (
			);
			name = NumberKit;
			productName = NumberKit;
			productReference = CC99F54F1B7AA6E200355E1E /* NumberKit.framework */;
			productType = "com.apple.product-type.framework";
		};
		CC99F5581B7AA6E200355E1E /* NumberKitTests */ = {
			isa = PBXNativeTarget;
			buildConfigurationList = CC99F5661B7AA6E200355E1E /* Build configuration list for PBXNativeTarget "NumberKitTests" */;
			buildPhases = (
				CC99F5551B7AA6E200355E1E /* Sources */,
				CC99F5561B7AA6E200355E1E /* Frameworks */,
				CC99F5571B7AA6E200355E1E /* Resources */,
			);
			buildRules = (
			);
			dependencies = (
				CC99F55C1B7AA6E200355E1E /* PBXTargetDependency */,
			);
			name = NumberKitTests;
			productName = NumberKitTests;
			productReference = CC99F5591B7AA6E200355E1E /* NumberKitTests.xctest */;
			productType = "com.apple.product-type.bundle.unit-test";
		};
/* End PBXNativeTarget section */

/* Begin PBXProject section */
		CC99F5461B7AA6E200355E1E /* Project object */ = {
			isa = PBXProject;
			attributes = {
				LastSwiftUpdateCheck = 0700;
				LastUpgradeCheck = 1020;
				ORGANIZATIONNAME = ObjectHub;
				TargetAttributes = {
					CC99F54E1B7AA6E200355E1E = {
						CreatedOnToolsVersion = 7.0;
						LastSwiftMigration = 1020;
					};
					CC99F5581B7AA6E200355E1E = {
						CreatedOnToolsVersion = 7.0;
						LastSwiftMigration = 1020;
					};
				};
			};
			buildConfigurationList = CC99F5491B7AA6E200355E1E /* Build configuration list for PBXProject "NumberKit" */;
			compatibilityVersion = "Xcode 3.2";
			developmentRegion = en;
			hasScannedForEncodings = 0;
			knownRegions = (
				en,
				Base,
			);
			mainGroup = CC99F5451B7AA6E200355E1E;
			productRefGroup = CC99F5501B7AA6E200355E1E /* Products */;
			projectDirPath = "";
			projectRoot = "";
			targets = (
				CC99F54E1B7AA6E200355E1E /* NumberKit */,
				CC99F5581B7AA6E200355E1E /* NumberKitTests */,
			);
		};
/* End PBXProject section */

/* Begin PBXResourcesBuildPhase section */
		CC99F54D1B7AA6E200355E1E /* Resources */ = {
			isa = PBXResourcesBuildPhase;
			buildActionMask = 2147483647;
			files = (
			);
			runOnlyForDeploymentPostprocessing = 0;
		};
		CC99F5571B7AA6E200355E1E /* Resources */ = {
			isa = PBXResourcesBuildPhase;
			buildActionMask = 2147483647;
			files = (
			);
			runOnlyForDeploymentPostprocessing = 0;
		};
/* End PBXResourcesBuildPhase section */

/* Begin PBXSourcesBuildPhase section */
		CC99F54A1B7AA6E200355E1E /* Sources */ = {
			isa = PBXSourcesBuildPhase;
			buildActionMask = 2147483647;
			files = (
				CC0741591B8127B600406A43 /* Complex.swift in Sources */,
				CC99F56E1B7AAAA300355E1E /* NumberUtil.swift in Sources */,
				CCA8E8111F7780C800927A41 /* FloatingPointNumber.swift in Sources */,
				CCA8E8131F77814F00927A41 /* IntegerNumber.swift in Sources */,
				CC99F56C1B7AA81500355E1E /* BigInt.swift in Sources */,
				CC0741571B81269200406A43 /* Rational.swift in Sources */,
			);
			runOnlyForDeploymentPostprocessing = 0;
		};
		CC99F5551B7AA6E200355E1E /* Sources */ = {
			isa = PBXSourcesBuildPhase;
			buildActionMask = 2147483647;
			files = (
				CC07415D1B813B0300406A43 /* ComplexTests.swift in Sources */,
				CC99F5701B7AAB5300355E1E /* NumberUtilTests.swift in Sources */,
				CC99F56A1B7AA76600355E1E /* BigIntTests.swift in Sources */,
				CC07415B1B813A0600406A43 /* RationalTests.swift in Sources */,
			);
			runOnlyForDeploymentPostprocessing = 0;
		};
/* End PBXSourcesBuildPhase section */

/* Begin PBXTargetDependency section */
		CC99F55C1B7AA6E200355E1E /* PBXTargetDependency */ = {
			isa = PBXTargetDependency;
			target = CC99F54E1B7AA6E200355E1E /* NumberKit */;
			targetProxy = CC99F55B1B7AA6E200355E1E /* PBXContainerItemProxy */;
		};
/* End PBXTargetDependency section */

/* Begin XCBuildConfiguration section */
		CC99F5611B7AA6E200355E1E /* Debug */ = {
			isa = XCBuildConfiguration;
			buildSettings = {
				ALWAYS_SEARCH_USER_PATHS = NO;
				CLANG_ANALYZER_LOCALIZABILITY_NONLOCALIZED = YES;
				CLANG_CXX_LANGUAGE_STANDARD = "gnu++0x";
				CLANG_CXX_LIBRARY = "libc++";
				CLANG_ENABLE_MODULES = YES;
				CLANG_ENABLE_OBJC_ARC = YES;
				CLANG_WARN_BLOCK_CAPTURE_AUTORELEASING = YES;
				CLANG_WARN_BOOL_CONVERSION = YES;
				CLANG_WARN_COMMA = YES;
				CLANG_WARN_CONSTANT_CONVERSION = YES;
				CLANG_WARN_DEPRECATED_OBJC_IMPLEMENTATIONS = YES;
				CLANG_WARN_DIRECT_OBJC_ISA_USAGE = YES_ERROR;
				CLANG_WARN_EMPTY_BODY = YES;
				CLANG_WARN_ENUM_CONVERSION = YES;
				CLANG_WARN_INFINITE_RECURSION = YES;
				CLANG_WARN_INT_CONVERSION = YES;
				CLANG_WARN_NON_LITERAL_NULL_CONVERSION = YES;
				CLANG_WARN_OBJC_IMPLICIT_RETAIN_SELF = YES;
				CLANG_WARN_OBJC_LITERAL_CONVERSION = YES;
				CLANG_WARN_OBJC_ROOT_CLASS = YES_ERROR;
				CLANG_WARN_RANGE_LOOP_ANALYSIS = YES;
				CLANG_WARN_STRICT_PROTOTYPES = YES;
				CLANG_WARN_SUSPICIOUS_MOVE = YES;
				CLANG_WARN_UNREACHABLE_CODE = YES;
				CLANG_WARN__DUPLICATE_METHOD_MATCH = YES;
				COPY_PHASE_STRIP = NO;
				CURRENT_PROJECT_VERSION = 1;
				DEBUG_INFORMATION_FORMAT = dwarf;
				ENABLE_STRICT_OBJC_MSGSEND = YES;
				ENABLE_TESTABILITY = YES;
				GCC_C_LANGUAGE_STANDARD = gnu99;
				GCC_DYNAMIC_NO_PIC = NO;
				GCC_NO_COMMON_BLOCKS = YES;
				GCC_OPTIMIZATION_LEVEL = 0;
				GCC_PREPROCESSOR_DEFINITIONS = (
					"DEBUG=1",
					"$(inherited)",
				);
				GCC_WARN_64_TO_32_BIT_CONVERSION = YES;
				GCC_WARN_ABOUT_RETURN_TYPE = YES_ERROR;
				GCC_WARN_UNDECLARED_SELECTOR = YES;
				GCC_WARN_UNINITIALIZED_AUTOS = YES_AGGRESSIVE;
				GCC_WARN_UNUSED_FUNCTION = YES;
				GCC_WARN_UNUSED_VARIABLE = YES;
				MACOSX_DEPLOYMENT_TARGET = 10.12;
				MTL_ENABLE_DEBUG_INFO = YES;
				ONLY_ACTIVE_ARCH = YES;
				SDKROOT = macosx;
				SWIFT_OPTIMIZATION_LEVEL = "-Onone";
				SWIFT_SWIFT3_OBJC_INFERENCE = Off;
				SWIFT_VERSION = 5.0;
				VERSIONING_SYSTEM = "apple-generic";
				VERSION_INFO_PREFIX = "";
			};
			name = Debug;
		};
		CC99F5621B7AA6E200355E1E /* Release */ = {
			isa = XCBuildConfiguration;
			buildSettings = {
				ALWAYS_SEARCH_USER_PATHS = NO;
				CLANG_ANALYZER_LOCALIZABILITY_NONLOCALIZED = YES;
				CLANG_CXX_LANGUAGE_STANDARD = "gnu++0x";
				CLANG_CXX_LIBRARY = "libc++";
				CLANG_ENABLE_MODULES = YES;
				CLANG_ENABLE_OBJC_ARC = YES;
				CLANG_WARN_BLOCK_CAPTURE_AUTORELEASING = YES;
				CLANG_WARN_BOOL_CONVERSION = YES;
				CLANG_WARN_COMMA = YES;
				CLANG_WARN_CONSTANT_CONVERSION = YES;
				CLANG_WARN_DEPRECATED_OBJC_IMPLEMENTATIONS = YES;
				CLANG_WARN_DIRECT_OBJC_ISA_USAGE = YES_ERROR;
				CLANG_WARN_EMPTY_BODY = YES;
				CLANG_WARN_ENUM_CONVERSION = YES;
				CLANG_WARN_INFINITE_RECURSION = YES;
				CLANG_WARN_INT_CONVERSION = YES;
				CLANG_WARN_NON_LITERAL_NULL_CONVERSION = YES;
				CLANG_WARN_OBJC_IMPLICIT_RETAIN_SELF = YES;
				CLANG_WARN_OBJC_LITERAL_CONVERSION = YES;
				CLANG_WARN_OBJC_ROOT_CLASS = YES_ERROR;
				CLANG_WARN_RANGE_LOOP_ANALYSIS = YES;
				CLANG_WARN_STRICT_PROTOTYPES = YES;
				CLANG_WARN_SUSPICIOUS_MOVE = YES;
				CLANG_WARN_UNREACHABLE_CODE = YES;
				CLANG_WARN__DUPLICATE_METHOD_MATCH = YES;
				COPY_PHASE_STRIP = NO;
				CURRENT_PROJECT_VERSION = 1;
				DEBUG_INFORMATION_FORMAT = "dwarf-with-dsym";
				ENABLE_NS_ASSERTIONS = NO;
				ENABLE_STRICT_OBJC_MSGSEND = YES;
				GCC_C_LANGUAGE_STANDARD = gnu99;
				GCC_NO_COMMON_BLOCKS = YES;
				GCC_WARN_64_TO_32_BIT_CONVERSION = YES;
				GCC_WARN_ABOUT_RETURN_TYPE = YES_ERROR;
				GCC_WARN_UNDECLARED_SELECTOR = YES;
				GCC_WARN_UNINITIALIZED_AUTOS = YES_AGGRESSIVE;
				GCC_WARN_UNUSED_FUNCTION = YES;
				GCC_WARN_UNUSED_VARIABLE = YES;
				MACOSX_DEPLOYMENT_TARGET = 10.12;
				MTL_ENABLE_DEBUG_INFO = NO;
				SDKROOT = macosx;
				SWIFT_OPTIMIZATION_LEVEL = "-Owholemodule";
				SWIFT_SWIFT3_OBJC_INFERENCE = Off;
				SWIFT_VERSION = 5.0;
				VERSIONING_SYSTEM = "apple-generic";
				VERSION_INFO_PREFIX = "";
			};
			name = Release;
		};
		CC99F5641B7AA6E200355E1E /* Debug */ = {
			isa = XCBuildConfiguration;
			buildSettings = {
				CLANG_ENABLE_MODULES = YES;
				COMBINE_HIDPI_IMAGES = YES;
				DEFINES_MODULE = YES;
				DYLIB_COMPATIBILITY_VERSION = 1;
				DYLIB_CURRENT_VERSION = 1;
				DYLIB_INSTALL_NAME_BASE = "@rpath";
				FRAMEWORK_VERSION = A;
				INFOPLIST_FILE = "$(SRCROOT)/Sources/NumberKit/Info.plist";
				INSTALL_PATH = "$(LOCAL_LIBRARY_DIR)/Frameworks";
				LD_RUNPATH_SEARCH_PATHS = "$(inherited) @executable_path/../Frameworks @loader_path/Frameworks";
				MARKETING_VERSION = 2.3.2;
				PRODUCT_BUNDLE_IDENTIFIER = net.objecthub.NumberKit;
				PRODUCT_NAME = "$(TARGET_NAME)";
				SKIP_INSTALL = YES;
				SWIFT_OPTIMIZATION_LEVEL = "-Onone";
				SWIFT_VERSION = 5.0;
			};
			name = Debug;
		};
		CC99F5651B7AA6E200355E1E /* Release */ = {
			isa = XCBuildConfiguration;
			buildSettings = {
				CLANG_ENABLE_MODULES = YES;
				COMBINE_HIDPI_IMAGES = YES;
				DEFINES_MODULE = YES;
				DYLIB_COMPATIBILITY_VERSION = 1;
				DYLIB_CURRENT_VERSION = 1;
				DYLIB_INSTALL_NAME_BASE = "@rpath";
				FRAMEWORK_VERSION = A;
				INFOPLIST_FILE = "$(SRCROOT)/Sources/NumberKit/Info.plist";
				INSTALL_PATH = "$(LOCAL_LIBRARY_DIR)/Frameworks";
				LD_RUNPATH_SEARCH_PATHS = "$(inherited) @executable_path/../Frameworks @loader_path/Frameworks";
				MARKETING_VERSION = 2.3.2;
				PRODUCT_BUNDLE_IDENTIFIER = net.objecthub.NumberKit;
				PRODUCT_NAME = "$(TARGET_NAME)";
				SKIP_INSTALL = YES;
				SWIFT_VERSION = 5.0;
			};
			name = Release;
		};
		CC99F5671B7AA6E200355E1E /* Debug */ = {
			isa = XCBuildConfiguration;
			buildSettings = {
				COMBINE_HIDPI_IMAGES = YES;
				INFOPLIST_FILE = Tests/NumberKitTests/Info.plist;
				LD_RUNPATH_SEARCH_PATHS = "$(inherited) @executable_path/../Frameworks @loader_path/../Frameworks";
				PRODUCT_BUNDLE_IDENTIFIER = net.objecthub.NumberKitTests;
				PRODUCT_NAME = "$(TARGET_NAME)";
				SWIFT_VERSION = 5.0;
			};
			name = Debug;
		};
		CC99F5681B7AA6E200355E1E /* Release */ = {
			isa = XCBuildConfiguration;
			buildSettings = {
				COMBINE_HIDPI_IMAGES = YES;
				INFOPLIST_FILE = Tests/NumberKitTests/Info.plist;
				LD_RUNPATH_SEARCH_PATHS = "$(inherited) @executable_path/../Frameworks @loader_path/../Frameworks";
				PRODUCT_BUNDLE_IDENTIFIER = net.objecthub.NumberKitTests;
				PRODUCT_NAME = "$(TARGET_NAME)";
				SWIFT_VERSION = 5.0;
			};
			name = Release;
		};
/* End XCBuildConfiguration section */

/* Begin XCConfigurationList section */
		CC99F5491B7AA6E200355E1E /* Build configuration list for PBXProject "NumberKit" */ = {
			isa = XCConfigurationList;
			buildConfigurations = (
				CC99F5611B7AA6E200355E1E /* Debug */,
				CC99F5621B7AA6E200355E1E /* Release */,
			);
			defaultConfigurationIsVisible = 0;
			defaultConfigurationName = Release;
		};
		CC99F5631B7AA6E200355E1E /* Build configuration list for PBXNativeTarget "NumberKit" */ = {
			isa = XCConfigurationList;
			buildConfigurations = (
				CC99F5641B7AA6E200355E1E /* Debug */,
				CC99F5651B7AA6E200355E1E /* Release */,
			);
			defaultConfigurationIsVisible = 0;
			defaultConfigurationName = Release;
		};
		CC99F5661B7AA6E200355E1E /* Build configuration list for PBXNativeTarget "NumberKitTests" */ = {
			isa = XCConfigurationList;
			buildConfigurations = (
				CC99F5671B7AA6E200355E1E /* Debug */,
				CC99F5681B7AA6E200355E1E /* Release */,
			);
			defaultConfigurationIsVisible = 0;
			defaultConfigurationName = Release;
		};
/* End XCConfigurationList section */
	};
	rootObject = CC99F5461B7AA6E200355E1E /* Project object */;
}
